Microsoft Visual Studio Solution File, Format Version 12.00
# Visual Studio Version 17
VisualStudioVersion = 17.5.2.0
MinimumVisualStudioVersion = 10.0.40219.1
Project("{FAE04EC0-301F-11D3-BF4B-00C04F79EFBC}") = "S20HW", "S20HW\S20HW.csproj", "{34DE4859-174E-995E-3827-1793CA159936}"
EndProject
Global
	GlobalSection(SolutionConfigurationPlatforms) = preSolution
		Debug|Any CPU = Debug|Any CPU
		Release|Any CPU = Release|Any CPU
	EndGlobalSection
	GlobalSection(ProjectConfigurationPlatforms) = postSolution
		{34DE4859-174E-995E-3827-1793CA159936}.Debug|Any CPU.ActiveCfg = Debug|Any CPU
		{34DE4859-174E-995E-3827-1793CA159936}.Debug|Any CPU.Build.0 = Debug|Any CPU
		{34DE4859-174E-995E-3827-1793CA159936}.Release|Any CPU.ActiveCfg = Release|Any CPU
		{34DE4859-174E-995E-3827-1793CA159936}.Release|Any CPU.Build.0 = Release|Any CPU
	EndGlobalSection
	GlobalSection(SolutionProperties) = preSolution
		HideSolutionNode = FALSE
	EndGlobalSection
	GlobalSection(ExtensibilityGlobals) = postSolution
		SolutionGuid = {9E5D666A-7332-465F-9D32-BC648E8FFDBC}
	EndGlobalSection
EndGlobal
