
Microsoft Visual Studio Solution File, Format Version 12.00
# Visual Studio Version 17
VisualStudioVersion = 17.0.31903.59
MinimumVisualStudioVersion = 10.0.40219.1
Project("{FAE04EC0-301F-11D3-BF4B-00C04F79EFBC}") = "S8con", "S8con\S8con.csproj", "{9F2B88B1-28A5-484E-ACF7-DA387FF680B0}"
EndProject
Project("{FAE04EC0-301F-11D3-BF4B-00C04F79EFBC}") = "S8con.Test", "S8con.Test\S8con.Test.csproj", "{DB4F023D-8629-49E0-AD9B-4C2F05D778DF}"
EndProject
Global
	GlobalSection(SolutionConfigurationPlatforms) = preSolution
		Debug|Any CPU = Debug|Any CPU
		Debug|x64 = Debug|x64
		Debug|x86 = Debug|x86
		Release|Any CPU = Release|Any CPU
		Release|x64 = Release|x64
		Release|x86 = Release|x86
	EndGlobalSection
	GlobalSection(ProjectConfigurationPlatforms) = postSolution
		{9F2B88B1-28A5-484E-ACF7-DA387FF680B0}.Debug|Any CPU.ActiveCfg = Debug|Any CPU
		{9F2B88B1-28A5-484E-ACF7-DA387FF680B0}.Debug|Any CPU.Build.0 = Debug|Any CPU
		{9F2B88B1-28A5-484E-ACF7-DA387FF680B0}.Debug|x64.ActiveCfg = Debug|Any CPU
		{9F2B88B1-28A5-484E-ACF7-DA387FF680B0}.Debug|x64.Build.0 = Debug|Any CPU
		{9F2B88B1-28A5-484E-ACF7-DA387FF680B0}.Debug|x86.ActiveCfg = Debug|Any CPU
		{9F2B88B1-28A5-484E-ACF7-DA387FF680B0}.Debug|x86.Build.0 = Debug|Any CPU
		{9F2B88B1-28A5-484E-ACF7-DA387FF680B0}.Release|Any CPU.ActiveCfg = Release|Any CPU
		{9F2B88B1-28A5-484E-ACF7-DA387FF680B0}.Release|Any CPU.Build.0 = Release|Any CPU
		{9F2B88B1-28A5-484E-ACF7-DA387FF680B0}.Release|x64.ActiveCfg = Release|Any CPU
		{9F2B88B1-28A5-484E-ACF7-DA387FF680B0}.Release|x64.Build.0 = Release|Any CPU
		{9F2B88B1-28A5-484E-ACF7-DA387FF680B0}.Release|x86.ActiveCfg = Release|Any CPU
		{9F2B88B1-28A5-484E-ACF7-DA387FF680B0}.Release|x86.Build.0 = Release|Any CPU
		{DB4F023D-8629-49E0-AD9B-4C2F05D778DF}.Debug|Any CPU.ActiveCfg = Debug|Any CPU
		{DB4F023D-8629-49E0-AD9B-4C2F05D778DF}.Debug|Any CPU.Build.0 = Debug|Any CPU
		{DB4F023D-8629-49E0-AD9B-4C2F05D778DF}.Debug|x64.ActiveCfg = Debug|Any CPU
		{DB4F023D-8629-49E0-AD9B-4C2F05D778DF}.Debug|x64.Build.0 = Debug|Any CPU
		{DB4F023D-8629-49E0-AD9B-4C2F05D778DF}.Debug|x86.ActiveCfg = Debug|Any CPU
		{DB4F023D-8629-49E0-AD9B-4C2F05D778DF}.Debug|x86.Build.0 = Debug|Any CPU
		{DB4F023D-8629-49E0-AD9B-4C2F05D778DF}.Release|Any CPU.ActiveCfg = Release|Any CPU
		{DB4F023D-8629-49E0-AD9B-4C2F05D778DF}.Release|Any CPU.Build.0 = Release|Any CPU
		{DB4F023D-8629-49E0-AD9B-4C2F05D778DF}.Release|x64.ActiveCfg = Release|Any CPU
		{DB4F023D-8629-49E0-AD9B-4C2F05D778DF}.Release|x64.Build.0 = Release|Any CPU
		{DB4F023D-8629-49E0-AD9B-4C2F05D778DF}.Release|x86.ActiveCfg = Release|Any CPU
		{DB4F023D-8629-49E0-AD9B-4C2F05D778DF}.Release|x86.Build.0 = Release|Any CPU
	EndGlobalSection
	GlobalSection(SolutionProperties) = preSolution
		HideSolutionNode = FALSE
	EndGlobalSection
EndGlobal
